{
  "name": "problem",
  "version": "1.0.0",
  "lockfileVersion": 1,
  "requires": true,
  "dependencies": {
    "bignumber.js": {
      "version": "7.2.1",
      "resolved": "http://registry.npm.taobao.org/bignumber.js/download/bignumber.js-7.2.1.tgz",
      "integrity": "sha1-gMBIdZ2CaACAfEv9Uh5Q7bulel8="
    },
    "iscroll": {
      "version": "5.2.0",
      "resolved": "http://registry.npm.taobao.org/iscroll/download/iscroll-5.2.0.tgz",
      "integrity": "sha1-1RMwcIi1slpPiTr0dIBEaEgYKcg="
    },
    "jquery": {
      "version": "3.4.1",
      "resolved": "https://registry.npm.taobao.org/jquery/download/jquery-3.4.1.tgz",
      "integrity": "sha1-cU8fjZ3eS9+lV2S6N+8hRjDYDvI="
    },
    "jquery-treetable": {
      "version": "3.2.0-1",
      "resolved": "https://registry.npm.taobao.org/jquery-treetable/download/jquery-treetable-3.2.0-1.tgz",
      "integrity": "sha1-KoRPWTlvdk9xdHpQh+5VXTYKrtc=",
      "requires": {
        "jquery": ">=1.6"
      }
    },
    "json-bigint": {
      "version": "0.3.0",
      "resolved": "http://registry.npm.taobao.org/json-bigint/download/json-bigint-0.3.0.tgz",
      "integrity": "sha1-DM2RLEuCcNBfBW+9E4FLU9OCWx4=",
      "requires": {
        "bignumber.js": "^7.0.0"
      }
    },
    "zepto.js": {
      "version": "1.1.6",
      "resolved": "http://registry.npm.taobao.org/zepto.js/download/zepto.js-1.1.6.tgz",
      "integrity": "sha1-FD1/mFMXApsRcHESFs9P5MCJ5oo="
    }
  }
}
